
Microsoft Visual Studio Solution File, Format Version 12.00
# Visual Studio Version 16
VisualStudioVersion = 16.0.29728.190
MinimumVisualStudioVersion = 10.0.40219.1
Project("{9A19103F-16F7-4668-BE54-9A1E7A4F7556}") = "ExamenReactNet.Core", "ExamenReactNet.Core\ExamenReactNet.Core.csproj", "{14C5EF84-4791-415E-99A6-3939C40C0F85}"
EndProject
Project("{9A19103F-16F7-4668-BE54-9A1E7A4F7556}") = "ExamenReactNet.Data", "ExamenReactNet.Data\ExamenReactNet.Data.csproj", "{547C2A48-47EA-4212-AF20-DDBFDCF145EC}"
EndProject
Project("{9A19103F-16F7-4668-BE54-9A1E7A4F7556}") = "ExamenReactNet.Api", "ExamenReactNet.Api\ExamenReactNet.Api.csproj", "{ACBC296D-7EC0-435B-B095-0124D2BB5D08}"
EndProject
Global
	GlobalSection(SolutionConfigurationPlatforms) = preSolution
		Debug|Any CPU = Debug|Any CPU
		Release|Any CPU = Release|Any CPU
	EndGlobalSection
	GlobalSection(ProjectConfigurationPlatforms) = postSolution
		{14C5EF84-4791-415E-99A6-3939C40C0F85}.Debug|Any CPU.ActiveCfg = Debug|Any CPU
		{14C5EF84-4791-415E-99A6-3939C40C0F85}.Debug|Any CPU.Build.0 = Debug|Any CPU
		{14C5EF84-4791-415E-99A6-3939C40C0F85}.Release|Any CPU.ActiveCfg = Release|Any CPU
		{14C5EF84-4791-415E-99A6-3939C40C0F85}.Release|Any CPU.Build.0 = Release|Any CPU
		{547C2A48-47EA-4212-AF20-DDBFDCF145EC}.Debug|Any CPU.ActiveCfg = Debug|Any CPU
		{547C2A48-47EA-4212-AF20-DDBFDCF145EC}.Debug|Any CPU.Build.0 = Debug|Any CPU
		{547C2A48-47EA-4212-AF20-DDBFDCF145EC}.Release|Any CPU.ActiveCfg = Release|Any CPU
		{547C2A48-47EA-4212-AF20-DDBFDCF145EC}.Release|Any CPU.Build.0 = Release|Any CPU
		{ACBC296D-7EC0-435B-B095-0124D2BB5D08}.Debug|Any CPU.ActiveCfg = Debug|Any CPU
		{ACBC296D-7EC0-435B-B095-0124D2BB5D08}.Debug|Any CPU.Build.0 = Debug|Any CPU
		{ACBC296D-7EC0-435B-B095-0124D2BB5D08}.Release|Any CPU.ActiveCfg = Release|Any CPU
		{ACBC296D-7EC0-435B-B095-0124D2BB5D08}.Release|Any CPU.Build.0 = Release|Any CPU
	EndGlobalSection
	GlobalSection(SolutionProperties) = preSolution
		HideSolutionNode = FALSE
	EndGlobalSection
	GlobalSection(ExtensibilityGlobals) = postSolution
		SolutionGuid = {181C14AD-5B80-44BB-AF1A-F743DEDBF287}
	EndGlobalSection
EndGlobal
